{
  "nodes": {
    "home-manager": {
      "inputs": {
        "nixpkgs": [
          "nixpkgs"
        ]
      },
      "locked": {
        "lastModified": 1779726696,
        "narHash": "sha256-/p37CB5n6Wpw250b0Lq0CYwNq2D8uGKzDoBulyLcQqA=",
        "owner": "nix-community",
        "repo": "home-manager",
        "rev": "1a95e2efb477959b70b4a14c51035975c0481df6",
        "type": "github"
      },
      "original": {
        "owner": "nix-community",
        "repo": "home-manager",
        "type": "github"
      }
    },
    "nixpkgs": {
      "locked": {
        "lastModified": 1779593580,
        "narHash": "sha256-le3WvQyzAQjBZnb7q2c8C5Fk2c9LgN/Oq+b0KiD4fM4=",
        "owner": "NixOS",
        "repo": "nixpkgs",
        "rev": "d849bb215dcdf71bce3e686839ccdb4219e84b2f",
        "type": "github"
      },
      "original": {
        "owner": "NixOS",
        "ref": "nixpkgs-unstable",
        "repo": "nixpkgs",
        "type": "github"
      }
    },
    "root": {
      "inputs": {
        "home-manager": "home-manager",
        "nixpkgs": "nixpkgs"
      }
    }
  },
  "root": "root",
  "version": 7
}
